// !$*UTF8*$!
{
	archiveVersion = 1;
	classes = {
	};
	objectVersion = 46;
	objects = {

/* Begin PBXFileReference section */
		A701C7C51547C28900023EF2 /* BRRestMeUp.php */ = {isa = PBXFileReference; fileEncoding = 4; lastKnownFileType = text.script.php; path = BRRestMeUp.php; sourceTree = "<group>"; };
		A701C7C61547C28900023EF2 /* BRRestMeUpException.php */ = {isa = PBXFileReference; fileEncoding = 4; lastKnownFileType = text.script.php; path = BRRestMeUpException.php; sourceTree = "<group>"; };
/* End PBXFileReference section */

/* Begin PBXGroup section */
		A701C7B51547C21200023EF2 = {
			isa = PBXGroup;
			children = (
				A701C7C51547C28900023EF2 /* BRRestMeUp.php */,
				A701C7C61547C28900023EF2 /* BRRestMeUpException.php */,
			);
			sourceTree = "<group>";
		};
/* End PBXGroup section */

/* Begin PBXLegacyTarget section */
		A701C7BC1547C21200023EF2 /* BRRestMeUp */ = {
			isa = PBXLegacyTarget;
			buildArgumentsString = "$(ACTION)";
			buildConfigurationList = A701C7BF1547C21200023EF2 /* Build configuration list for PBXLegacyTarget "BRRestMeUp" */;
			buildPhases = (
			);
			buildToolPath = /Applications/MAMP/bin/php/php5.3.6/bin/php;
			dependencies = (
			);
			name = BRRestMeUp;
			passBuildSettingsInEnvironment = 1;
			productName = BRRestMeUp;
		};
/* End PBXLegacyTarget section */

/* Begin PBXProject section */
		A701C7B71547C21200023EF2 /* Project object */ = {
			isa = PBXProject;
			attributes = {
				LastUpgradeCheck = 0430;
			};
			buildConfigurationList = A701C7BA1547C21200023EF2 /* Build configuration list for PBXProject "BRRestMeUp" */;
			compatibilityVersion = "Xcode 3.2";
			developmentRegion = English;
			hasScannedForEncodings = 0;
			knownRegions = (
				en,
			);
			mainGroup = A701C7B51547C21200023EF2;
			projectDirPath = "";
			projectRoot = "";
			targets = (
				A701C7BC1547C21200023EF2 /* BRRestMeUp */,
			);
		};
/* End PBXProject section */

/* Begin XCBuildConfiguration section */
		A701C7BD1547C21200023EF2 /* Debug */ = {
			isa = XCBuildConfiguration;
			buildSettings = {
				ALWAYS_SEARCH_USER_PATHS = NO;
				ARCHS = "$(ARCHS_STANDARD_64_BIT)";
				COPY_PHASE_STRIP = NO;
				GCC_C_LANGUAGE_STANDARD = gnu99;
				GCC_DYNAMIC_NO_PIC = NO;
				GCC_ENABLE_OBJC_EXCEPTIONS = YES;
				GCC_OPTIMIZATION_LEVEL = 0;
				GCC_PREPROCESSOR_DEFINITIONS = (
					"DEBUG=1",
					"$(inherited)",
				);
				GCC_SYMBOLS_PRIVATE_EXTERN = NO;
				GCC_VERSION = com.apple.compilers.llvm.clang.1_0;
				GCC_WARN_64_TO_32_BIT_CONVERSION = YES;
				GCC_WARN_ABOUT_RETURN_TYPE = YES;
				GCC_WARN_UNINITIALIZED_AUTOS = YES;
				GCC_WARN_UNUSED_VARIABLE = YES;
				MACOSX_DEPLOYMENT_TARGET = 10.7;
				ONLY_ACTIVE_ARCH = YES;
				SDKROOT = macosx;
			};
			name = Debug;
		};
		A701C7BE1547C21200023EF2 /* Release */ = {
			isa = XCBuildConfiguration;
			buildSettings = {
				ALWAYS_SEARCH_USER_PATHS = NO;
				ARCHS = "$(ARCHS_STANDARD_64_BIT)";
				COPY_PHASE_STRIP = YES;
				DEBUG_INFORMATION_FORMAT = "dwarf-with-dsym";
				GCC_C_LANGUAGE_STANDARD = gnu99;
				GCC_ENABLE_OBJC_EXCEPTIONS = YES;
				GCC_VERSION = com.apple.compilers.llvm.clang.1_0;
				GCC_WARN_64_TO_32_BIT_CONVERSION = YES;
				GCC_WARN_ABOUT_RETURN_TYPE = YES;
				GCC_WARN_UNINITIALIZED_AUTOS = YES;
				GCC_WARN_UNUSED_VARIABLE = YES;
				MACOSX_DEPLOYMENT_TARGET = 10.7;
				SDKROOT = macosx;
			};
			name = Release;
		};
		A701C7C01547C21200023EF2 /* Debug */ = {
			isa = XCBuildConfiguration;
			buildSettings = {
				DEBUGGING_SYMBOLS = YES;
				GCC_GENERATE_DEBUGGING_SYMBOLS = YES;
				GCC_OPTIMIZATION_LEVEL = 0;
				OTHER_CFLAGS = "";
				OTHER_LDFLAGS = "";
				PRODUCT_NAME = "$(TARGET_NAME)";
			};
			name = Debug;
		};
		A701C7C11547C21200023EF2 /* Release */ = {
			isa = XCBuildConfiguration;
			buildSettings = {
				OTHER_CFLAGS = "";
				OTHER_LDFLAGS = "";
				PRODUCT_NAME = "$(TARGET_NAME)";
			};
			name = Release;
		};
/* End XCBuildConfiguration section */

/* Begin XCConfigurationList section */
		A701C7BA1547C21200023EF2 /* Build configuration list for PBXProject "BRRestMeUp" */ = {
			isa = XCConfigurationList;
			buildConfigurations = (
				A701C7BD1547C21200023EF2 /* Debug */,
				A701C7BE1547C21200023EF2 /* Release */,
			);
			defaultConfigurationIsVisible = 0;
			defaultConfigurationName = Release;
		};
		A701C7BF1547C21200023EF2 /* Build configuration list for PBXLegacyTarget "BRRestMeUp" */ = {
			isa = XCConfigurationList;
			buildConfigurations = (
				A701C7C01547C21200023EF2 /* Debug */,
				A701C7C11547C21200023EF2 /* Release */,
			);
			defaultConfigurationIsVisible = 0;
			defaultConfigurationName = Release;
		};
/* End XCConfigurationList section */
	};
	rootObject = A701C7B71547C21200023EF2 /* Project object */;
}
